
Microsoft Visual Studio Solution File, Format Version 11.00
# Visual Studio 2010
Project("{FAE04EC0-301F-11D3-BF4B-00C04F79EFBC}") = "DealOrNoDeal.Simulator", "Net.Ceilingfish.DealOrNoDeal.Simulator\DealOrNoDeal.Simulator.csproj", "{596E1D7E-4E4F-4993-AC17-25E4802C1033}"
EndProject
Global
	GlobalSection(SolutionConfigurationPlatforms) = preSolution
		Debug|x86 = Debug|x86
		Release|x86 = Release|x86
	EndGlobalSection
	GlobalSection(ProjectConfigurationPlatforms) = postSolution
		{596E1D7E-4E4F-4993-AC17-25E4802C1033}.Debug|x86.ActiveCfg = Debug|x86
		{596E1D7E-4E4F-4993-AC17-25E4802C1033}.Debug|x86.Build.0 = Debug|x86
		{596E1D7E-4E4F-4993-AC17-25E4802C1033}.Release|x86.ActiveCfg = Release|x86
		{596E1D7E-4E4F-4993-AC17-25E4802C1033}.Release|x86.Build.0 = Release|x86
	EndGlobalSection
	GlobalSection(SolutionProperties) = preSolution
		HideSolutionNode = FALSE
	EndGlobalSection
EndGlobal
